// !$*UTF8*$!
{
	archiveVersion = 1;
	classes = {
	};
	objectVersion = 46;
	objects = {

/* Begin PBXBuildFile section */
		7942C9431CC602A400EDB4F0 /* main.m in Sources */ = {isa = PBXBuildFile; fileRef = 7942C9421CC602A400EDB4F0 /* main.m */; };
		7942C9461CC602A400EDB4F0 /* AppDelegate.m in Sources */ = {isa = PBXBuildFile; fileRef = 7942C9451CC602A400EDB4F0 /* AppDelegate.m */; };
		7942C9491CC602A400EDB4F0 /* ViewController.m in Sources */ = {isa = PBXBuildFile; fileRef = 7942C9481CC602A400EDB4F0 /* ViewController.m */; };
		7942C94C1CC602A400EDB4F0 /* Main.storyboard in Resources */ = {isa = PBXBuildFile; fileRef = 7942C94A1CC602A400EDB4F0 /* Main.storyboard */; };
		7942C94E1CC602A400EDB4F0 /* Assets.xcassets in Resources */ = {isa = PBXBuildFile; fileRef = 7942C94D1CC602A400EDB4F0 /* Assets.xcassets */; };
		7942C9511CC602A400EDB4F0 /* LaunchScreen.storyboard in Resources */ = {isa = PBXBuildFile; fileRef = 7942C94F1CC602A400EDB4F0 /* LaunchScreen.storyboard */; };
		7942C95C1CC602A400EDB4F0 /* PedometTests.m in Sources */ = {isa = PBXBuildFile; fileRef = 7942C95B1CC602A400EDB4F0 /* PedometTests.m */; };
		7942C9671CC602A400EDB4F0 /* PedometUITests.m in Sources */ = {isa = PBXBuildFile; fileRef = 7942C9661CC602A400EDB4F0 /* PedometUITests.m */; };
		79E4EDC21CC60CDD0087C34D /* JLKPedometer.m in Sources */ = {isa = PBXBuildFile; fileRef = 79E4EDC11CC60CDD0087C34D /* JLKPedometer.m */; };
		79E4EDC51CC6126F0087C34D /* NSDate+SystemTimeZone.m in Sources */ = {isa = PBXBuildFile; fileRef = 79E4EDC41CC6126F0087C34D /* NSDate+SystemTimeZone.m */; };
/* End PBXBuildFile section */

/* Begin PBXContainerItemProxy section */
		7942C9581CC602A400EDB4F0 /* PBXContainerItemProxy */ = {
			isa = PBXContainerItemProxy;
			containerPortal = 7942C9361CC602A400EDB4F0 /* Project object */;
			proxyType = 1;
			remoteGlobalIDString = 7942C93D1CC602A400EDB4F0;
			remoteInfo = Pedomet;
		};
		7942C9631CC602A400EDB4F0 /* PBXContainerItemProxy */ = {
			isa = PBXContainerItemProxy;
			containerPortal = 7942C9361CC602A400EDB4F0 /* Project object */;
			proxyType = 1;
			remoteGlobalIDString = 7942C93D1CC602A400EDB4F0;
			remoteInfo = Pedomet;
		};
/* End PBXContainerItemProxy section */

/* Begin PBXFileReference section */
		7942C93E1CC602A400EDB4F0 /* Pedomet.app */ = {isa = PBXFileReference; explicitFileType = wrapper.application; includeInIndex = 0; path = Pedomet.app; sourceTree = BUILT_PRODUCTS_DIR; };
		7942C9421CC602A400EDB4F0 /* main.m */ = {isa = PBXFileReference; lastKnownFileType = sourcecode.c.objc; path = main.m; sourceTree = "<group>"; };
		7942C9441CC602A400EDB4F0 /* AppDelegate.h */ = {isa = PBXFileReference; lastKnownFileType = sourcecode.c.h; path = AppDelegate.h; sourceTree = "<group>"; };
		7942C9451CC602A400EDB4F0 /* AppDelegate.m */ = {isa = PBXFileReference; lastKnownFileType = sourcecode.c.objc; path = AppDelegate.m; sourceTree = "<group>"; };
		7942C9471CC602A400EDB4F0 /* ViewController.h */ = {isa = PBXFileReference; lastKnownFileType = sourcecode.c.h; path = ViewController.h; sourceTree = "<group>"; };
		7942C9481CC602A400EDB4F0 /* ViewController.m */ = {isa = PBXFileReference; lastKnownFileType = sourcecode.c.objc; path = ViewController.m; sourceTree = "<group>"; };
		7942C94B1CC602A400EDB4F0 /* Base */ = {isa = PBXFileReference; lastKnownFileType = file.storyboard; name = Base; path = Base.lproj/Main.storyboard; sourceTree = "<group>"; };
		7942C94D1CC602A400EDB4F0 /* Assets.xcassets */ = {isa = PBXFileReference; lastKnownFileType = folder.assetcatalog; path = Assets.xcassets; sourceTree = "<group>"; };
		7942C9501CC602A400EDB4F0 /* Base */ = {isa = PBXFileReference; lastKnownFileType = file.storyboard; name = Base; path = Base.lproj/LaunchScreen.storyboard; sourceTree = "<group>"; };
		7942C9521CC602A400EDB4F0 /* Info.plist */ = {isa = PBXFileReference; lastKnownFileType = text.plist.xml; path = Info.plist; sourceTree = "<group>"; };
		7942C9571CC602A400EDB4F0 /* PedometTests.xctest */ = {isa = PBXFileReference; explicitFileType = wrapper.cfbundle; includeInIndex = 0; path = PedometTests.xctest; sourceTree = BUILT_PRODUCTS_DIR; };
		7942C95B1CC602A400EDB4F0 /* PedometTests.m */ = {isa = PBXFileReference; lastKnownFileType = sourcecode.c.objc; path = PedometTests.m; sourceTree = "<group>"; };
		7942C95D1CC602A400EDB4F0 /* Info.plist */ = {isa = PBXFileReference; lastKnownFileType = text.plist.xml; path = Info.plist; sourceTree = "<group>"; };
		7942C9621CC602A400EDB4F0 /* PedometUITests.xctest */ = {isa = PBXFileReference; explicitFileType = wrapper.cfbundle; includeInIndex = 0; path = PedometUITests.xctest; sourceTree = BUILT_PRODUCTS_DIR; };
		7942C9661CC602A400EDB4F0 /* PedometUITests.m */ = {isa = PBXFileReference; lastKnownFileType = sourcecode.c.objc; path = PedometUITests.m; sourceTree = "<group>"; };
		7942C9681CC602A400EDB4F0 /* Info.plist */ = {isa = PBXFileReference; lastKnownFileType = text.plist.xml; path = Info.plist; sourceTree = "<group>"; };
		79E4EDC01CC60CDD0087C34D /* JLKPedometer.h */ = {isa = PBXFileReference; fileEncoding = 4; lastKnownFileType = sourcecode.c.h; path = JLKPedometer.h; sourceTree = "<group>"; };
		79E4EDC11CC60CDD0087C34D /* JLKPedometer.m */ = {isa = PBXFileReference; fileEncoding = 4; lastKnownFileType = sourcecode.c.objc; path = JLKPedometer.m; sourceTree = "<group>"; };
		79E4EDC31CC6126F0087C34D /* NSDate+SystemTimeZone.h */ = {isa = PBXFileReference; fileEncoding = 4; lastKnownFileType = sourcecode.c.h; path = "NSDate+SystemTimeZone.h"; sourceTree = "<group>"; };
		79E4EDC41CC6126F0087C34D /* NSDate+SystemTimeZone.m */ = {isa = PBXFileReference; fileEncoding = 4; lastKnownFileType = sourcecode.c.objc; path = "NSDate+SystemTimeZone.m"; sourceTree = "<group>"; };
/* End PBXFileReference section */

/* Begin PBXFrameworksBuildPhase section */
		7942C93B1CC602A400EDB4F0 /* Frameworks */ = {
			isa = PBXFrameworksBuildPhase;
			buildActionMask = 2147483647;
			files = (
			);
			runOnlyForDeploymentPostprocessing = 0;
		};
		7942C9541CC602A400EDB4F0 /* Frameworks */ = {
			isa = PBXFrameworksBuildPhase;
			buildActionMask = 2147483647;
			files = (
			);
			runOnlyForDeploymentPostprocessing = 0;
		};
		7942C95F1CC602A400EDB4F0 /* Frameworks */ = {
			isa = PBXFrameworksBuildPhase;
			buildActionMask = 2147483647;
			files = (
			);
			runOnlyForDeploymentPostprocessing = 0;
		};
/* End PBXFrameworksBuildPhase section */

/* Begin PBXGroup section */
		7942C9351CC602A400EDB4F0 = {
			isa = PBXGroup;
			children = (
				7942C9401CC602A400EDB4F0 /* Pedomet */,
				7942C95A1CC602A400EDB4F0 /* PedometTests */,
				7942C9651CC602A400EDB4F0 /* PedometUITests */,
				7942C93F1CC602A400EDB4F0 /* Products */,
			);
			sourceTree = "<group>";
		};
		7942C93F1CC602A400EDB4F0 /* Products */ = {
			isa = PBXGroup;
			children = (
				7942C93E1CC602A400EDB4F0 /* Pedomet.app */,
				7942C9571CC602A400EDB4F0 /* PedometTests.xctest */,
				7942C9621CC602A400EDB4F0 /* PedometUITests.xctest */,
			);
			name = Products;
			sourceTree = "<group>";
		};
		7942C9401CC602A400EDB4F0 /* Pedomet */ = {
			isa = PBXGroup;
			children = (
				79E4EDC31CC6126F0087C34D /* NSDate+SystemTimeZone.h */,
				79E4EDC41CC6126F0087C34D /* NSDate+SystemTimeZone.m */,
				79E4EDC01CC60CDD0087C34D /* JLKPedometer.h */,
				79E4EDC11CC60CDD0087C34D /* JLKPedometer.m */,
				7942C9441CC602A400EDB4F0 /* AppDelegate.h */,
				7942C9451CC602A400EDB4F0 /* AppDelegate.m */,
				7942C9471CC602A400EDB4F0 /* ViewController.h */,
				7942C9481CC602A400EDB4F0 /* ViewController.m */,
				7942C94A1CC602A400EDB4F0 /* Main.storyboard */,
				7942C94D1CC602A400EDB4F0 /* Assets.xcassets */,
				7942C94F1CC602A400EDB4F0 /* LaunchScreen.storyboard */,
				7942C9521CC602A400EDB4F0 /* Info.plist */,
				7942C9411CC602A400EDB4F0 /* Supporting Files */,
			);
			path = Pedomet;
			sourceTree = "<group>";
		};
		7942C9411CC602A400EDB4F0 /* Supporting Files */ = {
			isa = PBXGroup;
			children = (
				7942C9421CC602A400EDB4F0 /* main.m */,
			);
			name = "Supporting Files";
			sourceTree = "<group>";
		};
		7942C95A1CC602A400EDB4F0 /* PedometTests */ = {
			isa = PBXGroup;
			children = (
				7942C95B1CC602A400EDB4F0 /* PedometTests.m */,
				7942C95D1CC602A400EDB4F0 /* Info.plist */,
			);
			path = PedometTests;
			sourceTree = "<group>";
		};
		7942C9651CC602A400EDB4F0 /* PedometUITests */ = {
			isa = PBXGroup;
			children = (
				7942C9661CC602A400EDB4F0 /* PedometUITests.m */,
				7942C9681CC602A400EDB4F0 /* Info.plist */,
			);
			path = PedometUITests;
			sourceTree = "<group>";
		};
/* End PBXGroup section */

/* Begin PBXNativeTarget section */
		7942C93D1CC602A400EDB4F0 /* Pedomet */ = {
			isa = PBXNativeTarget;
			buildConfigurationList = 7942C96B1CC602A400EDB4F0 /* Build configuration list for PBXNativeTarget "Pedomet" */;
			buildPhases = (
				7942C93A1CC602A400EDB4F0 /* Sources */,
				7942C93B1CC602A400EDB4F0 /* Frameworks */,
				7942C93C1CC602A400EDB4F0 /* Resources */,
			);
			buildRules = (
			);
			dependencies = (
			);
			name = Pedomet;
			productName = Pedomet;
			productReference = 7942C93E1CC602A400EDB4F0 /* Pedomet.app */;
			productType = "com.apple.product-type.application";
		};
		7942C9561CC602A400EDB4F0 /* PedometTests */ = {
			isa = PBXNativeTarget;
			buildConfigurationList = 7942C96E1CC602A400EDB4F0 /* Build configuration list for PBXNativeTarget "PedometTests" */;
			buildPhases = (
				7942C9531CC602A400EDB4F0 /* Sources */,
				7942C9541CC602A400EDB4F0 /* Frameworks */,
				7942C9551CC602A400EDB4F0 /* Resources */,
			);
			buildRules = (
			);
			dependencies = (
				7942C9591CC602A400EDB4F0 /* PBXTargetDependency */,
			);
			name = PedometTests;
			productName = PedometTests;
			productReference = 7942C9571CC602A400EDB4F0 /* PedometTests.xctest */;
			productType = "com.apple.product-type.bundle.unit-test";
		};
		7942C9611CC602A400EDB4F0 /* PedometUITests */ = {
			isa = PBXNativeTarget;
			buildConfigurationList = 7942C9711CC602A400EDB4F0 /* Build configuration list for PBXNativeTarget "PedometUITests" */;
			buildPhases = (
				7942C95E1CC602A400EDB4F0 /* Sources */,
				7942C95F1CC602A400EDB4F0 /* Frameworks */,
				7942C9601CC602A400EDB4F0 /* Resources */,
			);
			buildRules = (
			);
			dependencies = (
				7942C9641CC602A400EDB4F0 /* PBXTargetDependency */,
			);
			name = PedometUITests;
			productName = PedometUITests;
			productReference = 7942C9621CC602A400EDB4F0 /* PedometUITests.xctest */;
			productType = "com.apple.product-type.bundle.ui-testing";
		};
/* End PBXNativeTarget section */

/* Begin PBXProject section */
		7942C9361CC602A400EDB4F0 /* Project object */ = {
			isa = PBXProject;
			attributes = {
				LastUpgradeCheck = 0730;
				ORGANIZATIONNAME = zero;
				TargetAttributes = {
					7942C93D1CC602A400EDB4F0 = {
						CreatedOnToolsVersion = 7.3;
						DevelopmentTeam = A29QK2NWP9;
					};
					7942C9561CC602A400EDB4F0 = {
						CreatedOnToolsVersion = 7.3;
						DevelopmentTeam = A29QK2NWP9;
						TestTargetID = 7942C93D1CC602A400EDB4F0;
					};
					7942C9611CC602A400EDB4F0 = {
						CreatedOnToolsVersion = 7.3;
						DevelopmentTeam = A29QK2NWP9;
						TestTargetID = 7942C93D1CC602A400EDB4F0;
					};
				};
			};
			buildConfigurationList = 7942C9391CC602A400EDB4F0 /* Build configuration list for PBXProject "Pedomet" */;
			compatibilityVersion = "Xcode 3.2";
			developmentRegion = English;
			hasScannedForEncodings = 0;
			knownRegions = (
				en,
				Base,
			);
			mainGroup = 7942C9351CC602A400EDB4F0;
			productRefGroup = 7942C93F1CC602A400EDB4F0 /* Products */;
			projectDirPath = "";
			projectRoot = "";
			targets = (
				7942C93D1CC602A400EDB4F0 /* Pedomet */,
				7942C9561CC602A400EDB4F0 /* PedometTests */,
				7942C9611CC602A400EDB4F0 /* PedometUITests */,
			);
		};
/* End PBXProject section */

/* Begin PBXResourcesBuildPhase section */
		7942C93C1CC602A400EDB4F0 /* Resources */ = {
			isa = PBXResourcesBuildPhase;
			buildActionMask = 2147483647;
			files = (
				7942C9511CC602A400EDB4F0 /* LaunchScreen.storyboard in Resources */,
				7942C94E1CC602A400EDB4F0 /* Assets.xcassets in Resources */,
				7942C94C1CC602A400EDB4F0 /* Main.storyboard in Resources */,
			);
			runOnlyForDeploymentPostprocessing = 0;
		};
		7942C9551CC602A400EDB4F0 /* Resources */ = {
			isa = PBXResourcesBuildPhase;
			buildActionMask = 2147483647;
			files = (
			);
			runOnlyForDeploymentPostprocessing = 0;
		};
		7942C9601CC602A400EDB4F0 /* Resources */ = {
			isa = PBXResourcesBuildPhase;
			buildActionMask = 2147483647;
			files = (
			);
			runOnlyForDeploymentPostprocessing = 0;
		};
/* End PBXResourcesBuildPhase section */

/* Begin PBXSourcesBuildPhase section */
		7942C93A1CC602A400EDB4F0 /* Sources */ = {
			isa = PBXSourcesBuildPhase;
			buildActionMask = 2147483647;
			files = (
				7942C9491CC602A400EDB4F0 /* ViewController.m in Sources */,
				79E4EDC51CC6126F0087C34D /* NSDate+SystemTimeZone.m in Sources */,
				7942C9461CC602A400EDB4F0 /* AppDelegate.m in Sources */,
				7942C9431CC602A400EDB4F0 /* main.m in Sources */,
				79E4EDC21CC60CDD0087C34D /* JLKPedometer.m in Sources */,
			);
			runOnlyForDeploymentPostprocessing = 0;
		};
		7942C9531CC602A400EDB4F0 /* Sources */ = {
			isa = PBXSourcesBuildPhase;
			buildActionMask = 2147483647;
			files = (
				7942C95C1CC602A400EDB4F0 /* PedometTests.m in Sources */,
			);
			runOnlyForDeploymentPostprocessing = 0;
		};
		7942C95E1CC602A400EDB4F0 /* Sources */ = {
			isa = PBXSourcesBuildPhase;
			buildActionMask = 2147483647;
			files = (
				7942C9671CC602A400EDB4F0 /* PedometUITests.m in Sources */,
			);
			runOnlyForDeploymentPostprocessing = 0;
		};
/* End PBXSourcesBuildPhase section */

/* Begin PBXTargetDependency section */
		7942C9591CC602A400EDB4F0 /* PBXTargetDependency */ = {
			isa = PBXTargetDependency;
			target = 7942C93D1CC602A400EDB4F0 /* Pedomet */;
			targetProxy = 7942C9581CC602A400EDB4F0 /* PBXContainerItemProxy */;
		};
		7942C9641CC602A400EDB4F0 /* PBXTargetDependency */ = {
			isa = PBXTargetDependency;
			target = 7942C93D1CC602A400EDB4F0 /* Pedomet */;
			targetProxy = 7942C9631CC602A400EDB4F0 /* PBXContainerItemProxy */;
		};
/* End PBXTargetDependency section */

/* Begin PBXVariantGroup section */
		7942C94A1CC602A400EDB4F0 /* Main.storyboard */ = {
			isa = PBXVariantGroup;
			children = (
				7942C94B1CC602A400EDB4F0 /* Base */,
			);
			name = Main.storyboard;
			sourceTree = "<group>";
		};
		7942C94F1CC602A400EDB4F0 /* LaunchScreen.storyboard */ = {
			isa = PBXVariantGroup;
			children = (
				7942C9501CC602A400EDB4F0 /* Base */,
			);
			name = LaunchScreen.storyboard;
			sourceTree = "<group>";
		};
/* End PBXVariantGroup section */

/* Begin XCBuildConfiguration section */
		7942C9691CC602A400EDB4F0 /* Debug */ = {
			isa = XCBuildConfiguration;
			buildSettings = {
				ALWAYS_SEARCH_USER_PATHS = NO;
				CLANG_ANALYZER_NONNULL = YES;
				CLANG_CXX_LANGUAGE_STANDARD = "gnu++0x";
				CLANG_CXX_LIBRARY = "libc++";
				CLANG_ENABLE_MODULES = YES;
				CLANG_ENABLE_OBJC_ARC = YES;
				CLANG_WARN_BOOL_CONVERSION = YES;
				CLANG_WARN_CONSTANT_CONVERSION = YES;
				CLANG_WARN_DIRECT_OBJC_ISA_USAGE = YES_ERROR;
				CLANG_WARN_EMPTY_BODY = YES;
				CLANG_WARN_ENUM_CONVERSION = YES;
				CLANG_WARN_INT_CONVERSION = YES;
				CLANG_WARN_OBJC_ROOT_CLASS = YES_ERROR;
				CLANG_WARN_UNREACHABLE_CODE = YES;
				CLANG_WARN__DUPLICATE_METHOD_MATCH = YES;
				"CODE_SIGN_IDENTITY[sdk=iphoneos*]" = "iPhone Developer";
				COPY_PHASE_STRIP = NO;
				DEBUG_INFORMATION_FORMAT = dwarf;
				ENABLE_STRICT_OBJC_MSGSEND = YES;
				ENABLE_TESTABILITY = YES;
				GCC_C_LANGUAGE_STANDARD = gnu99;
				GCC_DYNAMIC_NO_PIC = NO;
				GCC_NO_COMMON_BLOCKS = YES;
				GCC_OPTIMIZATION_LEVEL = 0;
				GCC_PREPROCESSOR_DEFINITIONS = (
					"DEBUG=1",
					"$(inherited)",
				);
				GCC_WARN_64_TO_32_BIT_CONVERSION = YES;
				GCC_WARN_ABOUT_RETURN_TYPE = YES_ERROR;
				GCC_WARN_UNDECLARED_SELECTOR = YES;
				GCC_WARN_UNINITIALIZED_AUTOS = YES_AGGRESSIVE;
				GCC_WARN_UNUSED_FUNCTION = YES;
				GCC_WARN_UNUSED_VARIABLE = YES;
				IPHONEOS_DEPLOYMENT_TARGET = 9.3;
				MTL_ENABLE_DEBUG_INFO = YES;
				ONLY_ACTIVE_ARCH = YES;
				SDKROOT = iphoneos;
				TARGETED_DEVICE_FAMILY = "1,2";
			};
			name = Debug;
		};
		7942C96A1CC602A400EDB4F0 /* Release */ = {
			isa = XCBuildConfiguration;
			buildSettings = {
				ALWAYS_SEARCH_USER_PATHS = NO;
				CLANG_ANALYZER_NONNULL = YES;
				CLANG_CXX_LANGUAGE_STANDARD = "gnu++0x";
				CLANG_CXX_LIBRARY = "libc++";
				CLANG_ENABLE_MODULES = YES;
				CLANG_ENABLE_OBJC_ARC = YES;
				CLANG_WARN_BOOL_CONVERSION = YES;
				CLANG_WARN_CONSTANT_CONVERSION = YES;
				CLANG_WARN_DIRECT_OBJC_ISA_USAGE = YES_ERROR;
				CLANG_WARN_EMPTY_BODY = YES;
				CLANG_WARN_ENUM_CONVERSION = YES;
				CLANG_WARN_INT_CONVERSION = YES;
				CLANG_WARN_OBJC_ROOT_CLASS = YES_ERROR;
				CLANG_WARN_UNREACHABLE_CODE = YES;
				CLANG_WARN__DUPLICATE_METHOD_MATCH = YES;
				"CODE_SIGN_IDENTITY[sdk=iphoneos*]" = "iPhone Developer";
				COPY_PHASE_STRIP = NO;
				DEBUG_INFORMATION_FORMAT = "dwarf-with-dsym";
				ENABLE_NS_ASSERTIONS = NO;
				ENABLE_STRICT_OBJC_MSGSEND = YES;
				GCC_C_LANGUAGE_STANDARD = gnu99;
				GCC_NO_COMMON_BLOCKS = YES;
				GCC_WARN_64_TO_32_BIT_CONVERSION = YES;
				GCC_WARN_ABOUT_RETURN_TYPE = YES_ERROR;
				GCC_WARN_UNDECLARED_SELECTOR = YES;
				GCC_WARN_UNINITIALIZED_AUTOS = YES_AGGRESSIVE;
				GCC_WARN_UNUSED_FUNCTION = YES;
				GCC_WARN_UNUSED_VARIABLE = YES;
				IPHONEOS_DEPLOYMENT_TARGET = 9.3;
				MTL_ENABLE_DEBUG_INFO = NO;
				SDKROOT = iphoneos;
				TARGETED_DEVICE_FAMILY = "1,2";
				VALIDATE_PRODUCT = YES;
			};
			name = Release;
		};
		7942C96C1CC602A400EDB4F0 /* Debug */ = {
			isa = XCBuildConfiguration;
			buildSettings = {
				ASSETCATALOG_COMPILER_APPICON_NAME = AppIcon;
				INFOPLIST_FILE = Pedomet/Info.plist;
				LD_RUNPATH_SEARCH_PATHS = "$(inherited) @executable_path/Frameworks";
				PRODUCT_BUNDLE_IDENTIFIER = com.zero.Pedomet;
				PRODUCT_NAME = "$(TARGET_NAME)";
			};
			name = Debug;
		};
		7942C96D1CC602A400EDB4F0 /* Release */ = {
			isa = XCBuildConfiguration;
			buildSettings = {
				ASSETCATALOG_COMPILER_APPICON_NAME = AppIcon;
				INFOPLIST_FILE = Pedomet/Info.plist;
				LD_RUNPATH_SEARCH_PATHS = "$(inherited) @executable_path/Frameworks";
				PRODUCT_BUNDLE_IDENTIFIER = com.zero.Pedomet;
				PRODUCT_NAME = "$(TARGET_NAME)";
			};
			name = Release;
		};
		7942C96F1CC602A400EDB4F0 /* Debug */ = {
			isa = XCBuildConfiguration;
			buildSettings = {
				BUNDLE_LOADER = "$(TEST_HOST)";
				INFOPLIST_FILE = PedometTests/Info.plist;
				LD_RUNPATH_SEARCH_PATHS = "$(inherited) @executable_path/Frameworks @loader_path/Frameworks";
				PRODUCT_BUNDLE_IDENTIFIER = com.zero.PedometTests;
				PRODUCT_NAME = "$(TARGET_NAME)";
				TEST_HOST = "$(BUILT_PRODUCTS_DIR)/Pedomet.app/Pedomet";
			};
			name = Debug;
		};
		7942C9701CC602A400EDB4F0 /* Release */ = {
			isa = XCBuildConfiguration;
			buildSettings = {
				BUNDLE_LOADER = "$(TEST_HOST)";
				INFOPLIST_FILE = PedometTests/Info.plist;
				LD_RUNPATH_SEARCH_PATHS = "$(inherited) @executable_path/Frameworks @loader_path/Frameworks";
				PRODUCT_BUNDLE_IDENTIFIER = com.zero.PedometTests;
				PRODUCT_NAME = "$(TARGET_NAME)";
				TEST_HOST = "$(BUILT_PRODUCTS_DIR)/Pedomet.app/Pedomet";
			};
			name = Release;
		};
		7942C9721CC602A400EDB4F0 /* Debug */ = {
			isa = XCBuildConfiguration;
			buildSettings = {
				INFOPLIST_FILE = PedometUITests/Info.plist;
				LD_RUNPATH_SEARCH_PATHS = "$(inherited) @executable_path/Frameworks @loader_path/Frameworks";
				PRODUCT_BUNDLE_IDENTIFIER = com.zero.PedometUITests;
				PRODUCT_NAME = "$(TARGET_NAME)";
				TEST_TARGET_NAME = Pedomet;
			};
			name = Debug;
		};
		7942C9731CC602A400EDB4F0 /* Release */ = {
			isa = XCBuildConfiguration;
			buildSettings = {
				INFOPLIST_FILE = PedometUITests/Info.plist;
				LD_RUNPATH_SEARCH_PATHS = "$(inherited) @executable_path/Frameworks @loader_path/Frameworks";
				PRODUCT_BUNDLE_IDENTIFIER = com.zero.PedometUITests;
				PRODUCT_NAME = "$(TARGET_NAME)";
				TEST_TARGET_NAME = Pedomet;
			};
			name = Release;
		};
/* End XCBuildConfiguration section */

/* Begin XCConfigurationList section */
		7942C9391CC602A400EDB4F0 /* Build configuration list for PBXProject "Pedomet" */ = {
			isa = XCConfigurationList;
			buildConfigurations = (
				7942C9691CC602A400EDB4F0 /* Debug */,
				7942C96A1CC602A400EDB4F0 /* Release */,
			);
			defaultConfigurationIsVisible = 0;
			defaultConfigurationName = Release;
		};
		7942C96B1CC602A400EDB4F0 /* Build configuration list for PBXNativeTarget "Pedomet" */ = {
			isa = XCConfigurationList;
			buildConfigurations = (
				7942C96C1CC602A400EDB4F0 /* Debug */,
				7942C96D1CC602A400EDB4F0 /* Release */,
			);
			defaultConfigurationIsVisible = 0;
			defaultConfigurationName = Release;
		};
		7942C96E1CC602A400EDB4F0 /* Build configuration list for PBXNativeTarget "PedometTests" */ = {
			isa = XCConfigurationList;
			buildConfigurations = (
				7942C96F1CC602A400EDB4F0 /* Debug */,
				7942C9701CC602A400EDB4F0 /* Release */,
			);
			defaultConfigurationIsVisible = 0;
			defaultConfigurationName = Release;
		};
		7942C9711CC602A400EDB4F0 /* Build configuration list for PBXNativeTarget "PedometUITests" */ = {
			isa = XCConfigurationList;
			buildConfigurations = (
				7942C9721CC602A400EDB4F0 /* Debug */,
				7942C9731CC602A400EDB4F0 /* Release */,
			);
			defaultConfigurationIsVisible = 0;
			defaultConfigurationName = Release;
		};
/* End XCConfigurationList section */
	};
	rootObject = 7942C9361CC602A400EDB4F0 /* Project object */;
}
