// !$*UTF8*$!
{
	archiveVersion = 1;
	classes = {
	};
	objectVersion = 46;
	objects = {

/* Begin PBXBuildFile section */
		792B9E101CC4902A0064F2E8 /* main.m in Sources */ = {isa = PBXBuildFile; fileRef = 792B9E0F1CC4902A0064F2E8 /* main.m */; };
		792B9E131CC4902A0064F2E8 /* AppDelegate.m in Sources */ = {isa = PBXBuildFile; fileRef = 792B9E121CC4902A0064F2E8 /* AppDelegate.m */; };
		792B9E161CC4902A0064F2E8 /* ViewController.m in Sources */ = {isa = PBXBuildFile; fileRef = 792B9E151CC4902A0064F2E8 /* ViewController.m */; };
		792B9E191CC4902A0064F2E8 /* Main.storyboard in Resources */ = {isa = PBXBuildFile; fileRef = 792B9E171CC4902A0064F2E8 /* Main.storyboard */; };
		792B9E1B1CC4902A0064F2E8 /* Assets.xcassets in Resources */ = {isa = PBXBuildFile; fileRef = 792B9E1A1CC4902A0064F2E8 /* Assets.xcassets */; };
		792B9E1E1CC4902A0064F2E8 /* LaunchScreen.storyboard in Resources */ = {isa = PBXBuildFile; fileRef = 792B9E1C1CC4902A0064F2E8 /* LaunchScreen.storyboard */; };
		792B9E291CC4902A0064F2E8 /* UIView_LKExtentionTests.m in Sources */ = {isa = PBXBuildFile; fileRef = 792B9E281CC4902A0064F2E8 /* UIView_LKExtentionTests.m */; };
		792B9E341CC4902A0064F2E8 /* UIView_LKExtentionUITests.m in Sources */ = {isa = PBXBuildFile; fileRef = 792B9E331CC4902A0064F2E8 /* UIView_LKExtentionUITests.m */; };
		792B9E441CC490760064F2E8 /* UIView+JLKEazyFrameSet.m in Sources */ = {isa = PBXBuildFile; fileRef = 792B9E431CC490760064F2E8 /* UIView+JLKEazyFrameSet.m */; };
/* End PBXBuildFile section */

/* Begin PBXContainerItemProxy section */
		792B9E251CC4902A0064F2E8 /* PBXContainerItemProxy */ = {
			isa = PBXContainerItemProxy;
			containerPortal = 792B9E031CC4902A0064F2E8 /* Project object */;
			proxyType = 1;
			remoteGlobalIDString = 792B9E0A1CC4902A0064F2E8;
			remoteInfo = "UIView+LKExtention";
		};
		792B9E301CC4902A0064F2E8 /* PBXContainerItemProxy */ = {
			isa = PBXContainerItemProxy;
			containerPortal = 792B9E031CC4902A0064F2E8 /* Project object */;
			proxyType = 1;
			remoteGlobalIDString = 792B9E0A1CC4902A0064F2E8;
			remoteInfo = "UIView+LKExtention";
		};
/* End PBXContainerItemProxy section */

/* Begin PBXFileReference section */
		792B9E0B1CC4902A0064F2E8 /* UIView+LKExtention.app */ = {isa = PBXFileReference; explicitFileType = wrapper.application; includeInIndex = 0; path = "UIView+LKExtention.app"; sourceTree = BUILT_PRODUCTS_DIR; };
		792B9E0F1CC4902A0064F2E8 /* main.m */ = {isa = PBXFileReference; lastKnownFileType = sourcecode.c.objc; path = main.m; sourceTree = "<group>"; };
		792B9E111CC4902A0064F2E8 /* AppDelegate.h */ = {isa = PBXFileReference; lastKnownFileType = sourcecode.c.h; path = AppDelegate.h; sourceTree = "<group>"; };
		792B9E121CC4902A0064F2E8 /* AppDelegate.m */ = {isa = PBXFileReference; lastKnownFileType = sourcecode.c.objc; path = AppDelegate.m; sourceTree = "<group>"; };
		792B9E141CC4902A0064F2E8 /* ViewController.h */ = {isa = PBXFileReference; lastKnownFileType = sourcecode.c.h; path = ViewController.h; sourceTree = "<group>"; };
		792B9E151CC4902A0064F2E8 /* ViewController.m */ = {isa = PBXFileReference; lastKnownFileType = sourcecode.c.objc; path = ViewController.m; sourceTree = "<group>"; };
		792B9E181CC4902A0064F2E8 /* Base */ = {isa = PBXFileReference; lastKnownFileType = file.storyboard; name = Base; path = Base.lproj/Main.storyboard; sourceTree = "<group>"; };
		792B9E1A1CC4902A0064F2E8 /* Assets.xcassets */ = {isa = PBXFileReference; lastKnownFileType = folder.assetcatalog; path = Assets.xcassets; sourceTree = "<group>"; };
		792B9E1D1CC4902A0064F2E8 /* Base */ = {isa = PBXFileReference; lastKnownFileType = file.storyboard; name = Base; path = Base.lproj/LaunchScreen.storyboard; sourceTree = "<group>"; };
		792B9E1F1CC4902A0064F2E8 /* Info.plist */ = {isa = PBXFileReference; lastKnownFileType = text.plist.xml; path = Info.plist; sourceTree = "<group>"; };
		792B9E241CC4902A0064F2E8 /* UIView+LKExtentionTests.xctest */ = {isa = PBXFileReference; explicitFileType = wrapper.cfbundle; includeInIndex = 0; path = "UIView+LKExtentionTests.xctest"; sourceTree = BUILT_PRODUCTS_DIR; };
		792B9E281CC4902A0064F2E8 /* UIView_LKExtentionTests.m */ = {isa = PBXFileReference; lastKnownFileType = sourcecode.c.objc; path = UIView_LKExtentionTests.m; sourceTree = "<group>"; };
		792B9E2A1CC4902A0064F2E8 /* Info.plist */ = {isa = PBXFileReference; lastKnownFileType = text.plist.xml; path = Info.plist; sourceTree = "<group>"; };
		792B9E2F1CC4902A0064F2E8 /* UIView+LKExtentionUITests.xctest */ = {isa = PBXFileReference; explicitFileType = wrapper.cfbundle; includeInIndex = 0; path = "UIView+LKExtentionUITests.xctest"; sourceTree = BUILT_PRODUCTS_DIR; };
		792B9E331CC4902A0064F2E8 /* UIView_LKExtentionUITests.m */ = {isa = PBXFileReference; lastKnownFileType = sourcecode.c.objc; path = UIView_LKExtentionUITests.m; sourceTree = "<group>"; };
		792B9E351CC4902A0064F2E8 /* Info.plist */ = {isa = PBXFileReference; lastKnownFileType = text.plist.xml; path = Info.plist; sourceTree = "<group>"; };
		792B9E421CC490760064F2E8 /* UIView+JLKEazyFrameSet.h */ = {isa = PBXFileReference; fileEncoding = 4; lastKnownFileType = sourcecode.c.h; path = "UIView+JLKEazyFrameSet.h"; sourceTree = "<group>"; };
		792B9E431CC490760064F2E8 /* UIView+JLKEazyFrameSet.m */ = {isa = PBXFileReference; fileEncoding = 4; lastKnownFileType = sourcecode.c.objc; path = "UIView+JLKEazyFrameSet.m"; sourceTree = "<group>"; };
/* End PBXFileReference section */

/* Begin PBXFrameworksBuildPhase section */
		792B9E081CC4902A0064F2E8 /* Frameworks */ = {
			isa = PBXFrameworksBuildPhase;
			buildActionMask = 2147483647;
			files = (
			);
			runOnlyForDeploymentPostprocessing = 0;
		};
		792B9E211CC4902A0064F2E8 /* Frameworks */ = {
			isa = PBXFrameworksBuildPhase;
			buildActionMask = 2147483647;
			files = (
			);
			runOnlyForDeploymentPostprocessing = 0;
		};
		792B9E2C1CC4902A0064F2E8 /* Frameworks */ = {
			isa = PBXFrameworksBuildPhase;
			buildActionMask = 2147483647;
			files = (
			);
			runOnlyForDeploymentPostprocessing = 0;
		};
/* End PBXFrameworksBuildPhase section */

/* Begin PBXGroup section */
		792B9E021CC4902A0064F2E8 = {
			isa = PBXGroup;
			children = (
				792B9E0D1CC4902A0064F2E8 /* UIView+LKExtention */,
				792B9E271CC4902A0064F2E8 /* UIView+LKExtentionTests */,
				792B9E321CC4902A0064F2E8 /* UIView+LKExtentionUITests */,
				792B9E0C1CC4902A0064F2E8 /* Products */,
			);
			sourceTree = "<group>";
		};
		792B9E0C1CC4902A0064F2E8 /* Products */ = {
			isa = PBXGroup;
			children = (
				792B9E0B1CC4902A0064F2E8 /* UIView+LKExtention.app */,
				792B9E241CC4902A0064F2E8 /* UIView+LKExtentionTests.xctest */,
				792B9E2F1CC4902A0064F2E8 /* UIView+LKExtentionUITests.xctest */,
			);
			name = Products;
			sourceTree = "<group>";
		};
		792B9E0D1CC4902A0064F2E8 /* UIView+LKExtention */ = {
			isa = PBXGroup;
			children = (
				792B9E111CC4902A0064F2E8 /* AppDelegate.h */,
				792B9E121CC4902A0064F2E8 /* AppDelegate.m */,
				792B9E141CC4902A0064F2E8 /* ViewController.h */,
				792B9E151CC4902A0064F2E8 /* ViewController.m */,
				792B9E421CC490760064F2E8 /* UIView+JLKEazyFrameSet.h */,
				792B9E431CC490760064F2E8 /* UIView+JLKEazyFrameSet.m */,
				792B9E171CC4902A0064F2E8 /* Main.storyboard */,
				792B9E1A1CC4902A0064F2E8 /* Assets.xcassets */,
				792B9E1C1CC4902A0064F2E8 /* LaunchScreen.storyboard */,
				792B9E1F1CC4902A0064F2E8 /* Info.plist */,
				792B9E0E1CC4902A0064F2E8 /* Supporting Files */,
			);
			path = "UIView+LKExtention";
			sourceTree = "<group>";
		};
		792B9E0E1CC4902A0064F2E8 /* Supporting Files */ = {
			isa = PBXGroup;
			children = (
				792B9E0F1CC4902A0064F2E8 /* main.m */,
			);
			name = "Supporting Files";
			sourceTree = "<group>";
		};
		792B9E271CC4902A0064F2E8 /* UIView+LKExtentionTests */ = {
			isa = PBXGroup;
			children = (
				792B9E281CC4902A0064F2E8 /* UIView_LKExtentionTests.m */,
				792B9E2A1CC4902A0064F2E8 /* Info.plist */,
			);
			path = "UIView+LKExtentionTests";
			sourceTree = "<group>";
		};
		792B9E321CC4902A0064F2E8 /* UIView+LKExtentionUITests */ = {
			isa = PBXGroup;
			children = (
				792B9E331CC4902A0064F2E8 /* UIView_LKExtentionUITests.m */,
				792B9E351CC4902A0064F2E8 /* Info.plist */,
			);
			path = "UIView+LKExtentionUITests";
			sourceTree = "<group>";
		};
/* End PBXGroup section */

/* Begin PBXNativeTarget section */
		792B9E0A1CC4902A0064F2E8 /* UIView+LKExtention */ = {
			isa = PBXNativeTarget;
			buildConfigurationList = 792B9E381CC4902A0064F2E8 /* Build configuration list for PBXNativeTarget "UIView+LKExtention" */;
			buildPhases = (
				792B9E071CC4902A0064F2E8 /* Sources */,
				792B9E081CC4902A0064F2E8 /* Frameworks */,
				792B9E091CC4902A0064F2E8 /* Resources */,
			);
			buildRules = (
			);
			dependencies = (
			);
			name = "UIView+LKExtention";
			productName = "UIView+LKExtention";
			productReference = 792B9E0B1CC4902A0064F2E8 /* UIView+LKExtention.app */;
			productType = "com.apple.product-type.application";
		};
		792B9E231CC4902A0064F2E8 /* UIView+LKExtentionTests */ = {
			isa = PBXNativeTarget;
			buildConfigurationList = 792B9E3B1CC4902A0064F2E8 /* Build configuration list for PBXNativeTarget "UIView+LKExtentionTests" */;
			buildPhases = (
				792B9E201CC4902A0064F2E8 /* Sources */,
				792B9E211CC4902A0064F2E8 /* Frameworks */,
				792B9E221CC4902A0064F2E8 /* Resources */,
			);
			buildRules = (
			);
			dependencies = (
				792B9E261CC4902A0064F2E8 /* PBXTargetDependency */,
			);
			name = "UIView+LKExtentionTests";
			productName = "UIView+LKExtentionTests";
			productReference = 792B9E241CC4902A0064F2E8 /* UIView+LKExtentionTests.xctest */;
			productType = "com.apple.product-type.bundle.unit-test";
		};
		792B9E2E1CC4902A0064F2E8 /* UIView+LKExtentionUITests */ = {
			isa = PBXNativeTarget;
			buildConfigurationList = 792B9E3E1CC4902A0064F2E8 /* Build configuration list for PBXNativeTarget "UIView+LKExtentionUITests" */;
			buildPhases = (
				792B9E2B1CC4902A0064F2E8 /* Sources */,
				792B9E2C1CC4902A0064F2E8 /* Frameworks */,
				792B9E2D1CC4902A0064F2E8 /* Resources */,
			);
			buildRules = (
			);
			dependencies = (
				792B9E311CC4902A0064F2E8 /* PBXTargetDependency */,
			);
			name = "UIView+LKExtentionUITests";
			productName = "UIView+LKExtentionUITests";
			productReference = 792B9E2F1CC4902A0064F2E8 /* UIView+LKExtentionUITests.xctest */;
			productType = "com.apple.product-type.bundle.ui-testing";
		};
/* End PBXNativeTarget section */

/* Begin PBXProject section */
		792B9E031CC4902A0064F2E8 /* Project object */ = {
			isa = PBXProject;
			attributes = {
				LastUpgradeCheck = 0730;
				ORGANIZATIONNAME = zero;
				TargetAttributes = {
					792B9E0A1CC4902A0064F2E8 = {
						CreatedOnToolsVersion = 7.3;
						DevelopmentTeam = A29QK2NWP9;
					};
					792B9E231CC4902A0064F2E8 = {
						CreatedOnToolsVersion = 7.3;
						DevelopmentTeam = A29QK2NWP9;
						TestTargetID = 792B9E0A1CC4902A0064F2E8;
					};
					792B9E2E1CC4902A0064F2E8 = {
						CreatedOnToolsVersion = 7.3;
						DevelopmentTeam = A29QK2NWP9;
						TestTargetID = 792B9E0A1CC4902A0064F2E8;
					};
				};
			};
			buildConfigurationList = 792B9E061CC4902A0064F2E8 /* Build configuration list for PBXProject "UIView+LKExtention" */;
			compatibilityVersion = "Xcode 3.2";
			developmentRegion = English;
			hasScannedForEncodings = 0;
			knownRegions = (
				en,
				Base,
			);
			mainGroup = 792B9E021CC4902A0064F2E8;
			productRefGroup = 792B9E0C1CC4902A0064F2E8 /* Products */;
			projectDirPath = "";
			projectRoot = "";
			targets = (
				792B9E0A1CC4902A0064F2E8 /* UIView+LKExtention */,
				792B9E231CC4902A0064F2E8 /* UIView+LKExtentionTests */,
				792B9E2E1CC4902A0064F2E8 /* UIView+LKExtentionUITests */,
			);
		};
/* End PBXProject section */

/* Begin PBXResourcesBuildPhase section */
		792B9E091CC4902A0064F2E8 /* Resources */ = {
			isa = PBXResourcesBuildPhase;
			buildActionMask = 2147483647;
			files = (
				792B9E1E1CC4902A0064F2E8 /* LaunchScreen.storyboard in Resources */,
				792B9E1B1CC4902A0064F2E8 /* Assets.xcassets in Resources */,
				792B9E191CC4902A0064F2E8 /* Main.storyboard in Resources */,
			);
			runOnlyForDeploymentPostprocessing = 0;
		};
		792B9E221CC4902A0064F2E8 /* Resources */ = {
			isa = PBXResourcesBuildPhase;
			buildActionMask = 2147483647;
			files = (
			);
			runOnlyForDeploymentPostprocessing = 0;
		};
		792B9E2D1CC4902A0064F2E8 /* Resources */ = {
			isa = PBXResourcesBuildPhase;
			buildActionMask = 2147483647;
			files = (
			);
			runOnlyForDeploymentPostprocessing = 0;
		};
/* End PBXResourcesBuildPhase section */

/* Begin PBXSourcesBuildPhase section */
		792B9E071CC4902A0064F2E8 /* Sources */ = {
			isa = PBXSourcesBuildPhase;
			buildActionMask = 2147483647;
			files = (
				792B9E441CC490760064F2E8 /* UIView+JLKEazyFrameSet.m in Sources */,
				792B9E161CC4902A0064F2E8 /* ViewController.m in Sources */,
				792B9E131CC4902A0064F2E8 /* AppDelegate.m in Sources */,
				792B9E101CC4902A0064F2E8 /* main.m in Sources */,
			);
			runOnlyForDeploymentPostprocessing = 0;
		};
		792B9E201CC4902A0064F2E8 /* Sources */ = {
			isa = PBXSourcesBuildPhase;
			buildActionMask = 2147483647;
			files = (
				792B9E291CC4902A0064F2E8 /* UIView_LKExtentionTests.m in Sources */,
			);
			runOnlyForDeploymentPostprocessing = 0;
		};
		792B9E2B1CC4902A0064F2E8 /* Sources */ = {
			isa = PBXSourcesBuildPhase;
			buildActionMask = 2147483647;
			files = (
				792B9E341CC4902A0064F2E8 /* UIView_LKExtentionUITests.m in Sources */,
			);
			runOnlyForDeploymentPostprocessing = 0;
		};
/* End PBXSourcesBuildPhase section */

/* Begin PBXTargetDependency section */
		792B9E261CC4902A0064F2E8 /* PBXTargetDependency */ = {
			isa = PBXTargetDependency;
			target = 792B9E0A1CC4902A0064F2E8 /* UIView+LKExtention */;
			targetProxy = 792B9E251CC4902A0064F2E8 /* PBXContainerItemProxy */;
		};
		792B9E311CC4902A0064F2E8 /* PBXTargetDependency */ = {
			isa = PBXTargetDependency;
			target = 792B9E0A1CC4902A0064F2E8 /* UIView+LKExtention */;
			targetProxy = 792B9E301CC4902A0064F2E8 /* PBXContainerItemProxy */;
		};
/* End PBXTargetDependency section */

/* Begin PBXVariantGroup section */
		792B9E171CC4902A0064F2E8 /* Main.storyboard */ = {
			isa = PBXVariantGroup;
			children = (
				792B9E181CC4902A0064F2E8 /* Base */,
			);
			name = Main.storyboard;
			sourceTree = "<group>";
		};
		792B9E1C1CC4902A0064F2E8 /* LaunchScreen.storyboard */ = {
			isa = PBXVariantGroup;
			children = (
				792B9E1D1CC4902A0064F2E8 /* Base */,
			);
			name = LaunchScreen.storyboard;
			sourceTree = "<group>";
		};
/* End PBXVariantGroup section */

/* Begin XCBuildConfiguration section */
		792B9E361CC4902A0064F2E8 /* Debug */ = {
			isa = XCBuildConfiguration;
			buildSettings = {
				ALWAYS_SEARCH_USER_PATHS = NO;
				CLANG_ANALYZER_NONNULL = YES;
				CLANG_CXX_LANGUAGE_STANDARD = "gnu++0x";
				CLANG_CXX_LIBRARY = "libc++";
				CLANG_ENABLE_MODULES = YES;
				CLANG_ENABLE_OBJC_ARC = YES;
				CLANG_WARN_BOOL_CONVERSION = YES;
				CLANG_WARN_CONSTANT_CONVERSION = YES;
				CLANG_WARN_DIRECT_OBJC_ISA_USAGE = YES_ERROR;
				CLANG_WARN_EMPTY_BODY = YES;
				CLANG_WARN_ENUM_CONVERSION = YES;
				CLANG_WARN_INT_CONVERSION = YES;
				CLANG_WARN_OBJC_ROOT_CLASS = YES_ERROR;
				CLANG_WARN_UNREACHABLE_CODE = YES;
				CLANG_WARN__DUPLICATE_METHOD_MATCH = YES;
				"CODE_SIGN_IDENTITY[sdk=iphoneos*]" = "iPhone Developer";
				COPY_PHASE_STRIP = NO;
				DEBUG_INFORMATION_FORMAT = dwarf;
				ENABLE_STRICT_OBJC_MSGSEND = YES;
				ENABLE_TESTABILITY = YES;
				GCC_C_LANGUAGE_STANDARD = gnu99;
				GCC_DYNAMIC_NO_PIC = NO;
				GCC_NO_COMMON_BLOCKS = YES;
				GCC_OPTIMIZATION_LEVEL = 0;
				GCC_PREPROCESSOR_DEFINITIONS = (
					"DEBUG=1",
					"$(inherited)",
				);
				GCC_WARN_64_TO_32_BIT_CONVERSION = YES;
				GCC_WARN_ABOUT_RETURN_TYPE = YES_ERROR;
				GCC_WARN_UNDECLARED_SELECTOR = YES;
				GCC_WARN_UNINITIALIZED_AUTOS = YES_AGGRESSIVE;
				GCC_WARN_UNUSED_FUNCTION = YES;
				GCC_WARN_UNUSED_VARIABLE = YES;
				IPHONEOS_DEPLOYMENT_TARGET = 9.3;
				MTL_ENABLE_DEBUG_INFO = YES;
				ONLY_ACTIVE_ARCH = YES;
				SDKROOT = iphoneos;
				TARGETED_DEVICE_FAMILY = "1,2";
			};
			name = Debug;
		};
		792B9E371CC4902A0064F2E8 /* Release */ = {
			isa = XCBuildConfiguration;
			buildSettings = {
				ALWAYS_SEARCH_USER_PATHS = NO;
				CLANG_ANALYZER_NONNULL = YES;
				CLANG_CXX_LANGUAGE_STANDARD = "gnu++0x";
				CLANG_CXX_LIBRARY = "libc++";
				CLANG_ENABLE_MODULES = YES;
				CLANG_ENABLE_OBJC_ARC = YES;
				CLANG_WARN_BOOL_CONVERSION = YES;
				CLANG_WARN_CONSTANT_CONVERSION = YES;
				CLANG_WARN_DIRECT_OBJC_ISA_USAGE = YES_ERROR;
				CLANG_WARN_EMPTY_BODY = YES;
				CLANG_WARN_ENUM_CONVERSION = YES;
				CLANG_WARN_INT_CONVERSION = YES;
				CLANG_WARN_OBJC_ROOT_CLASS = YES_ERROR;
				CLANG_WARN_UNREACHABLE_CODE = YES;
				CLANG_WARN__DUPLICATE_METHOD_MATCH = YES;
				"CODE_SIGN_IDENTITY[sdk=iphoneos*]" = "iPhone Developer";
				COPY_PHASE_STRIP = NO;
				DEBUG_INFORMATION_FORMAT = "dwarf-with-dsym";
				ENABLE_NS_ASSERTIONS = NO;
				ENABLE_STRICT_OBJC_MSGSEND = YES;
				GCC_C_LANGUAGE_STANDARD = gnu99;
				GCC_NO_COMMON_BLOCKS = YES;
				GCC_WARN_64_TO_32_BIT_CONVERSION = YES;
				GCC_WARN_ABOUT_RETURN_TYPE = YES_ERROR;
				GCC_WARN_UNDECLARED_SELECTOR = YES;
				GCC_WARN_UNINITIALIZED_AUTOS = YES_AGGRESSIVE;
				GCC_WARN_UNUSED_FUNCTION = YES;
				GCC_WARN_UNUSED_VARIABLE = YES;
				IPHONEOS_DEPLOYMENT_TARGET = 9.3;
				MTL_ENABLE_DEBUG_INFO = NO;
				SDKROOT = iphoneos;
				TARGETED_DEVICE_FAMILY = "1,2";
				VALIDATE_PRODUCT = YES;
			};
			name = Release;
		};
		792B9E391CC4902A0064F2E8 /* Debug */ = {
			isa = XCBuildConfiguration;
			buildSettings = {
				ASSETCATALOG_COMPILER_APPICON_NAME = AppIcon;
				INFOPLIST_FILE = "UIView+LKExtention/Info.plist";
				LD_RUNPATH_SEARCH_PATHS = "$(inherited) @executable_path/Frameworks";
				PRODUCT_BUNDLE_IDENTIFIER = "com.zero.UIView-LKExtention";
				PRODUCT_NAME = "$(TARGET_NAME)";
			};
			name = Debug;
		};
		792B9E3A1CC4902A0064F2E8 /* Release */ = {
			isa = XCBuildConfiguration;
			buildSettings = {
				ASSETCATALOG_COMPILER_APPICON_NAME = AppIcon;
				INFOPLIST_FILE = "UIView+LKExtention/Info.plist";
				LD_RUNPATH_SEARCH_PATHS = "$(inherited) @executable_path/Frameworks";
				PRODUCT_BUNDLE_IDENTIFIER = "com.zero.UIView-LKExtention";
				PRODUCT_NAME = "$(TARGET_NAME)";
			};
			name = Release;
		};
		792B9E3C1CC4902A0064F2E8 /* Debug */ = {
			isa = XCBuildConfiguration;
			buildSettings = {
				BUNDLE_LOADER = "$(TEST_HOST)";
				INFOPLIST_FILE = "UIView+LKExtentionTests/Info.plist";
				LD_RUNPATH_SEARCH_PATHS = "$(inherited) @executable_path/Frameworks @loader_path/Frameworks";
				PRODUCT_BUNDLE_IDENTIFIER = "com.zero.UIView-LKExtentionTests";
				PRODUCT_NAME = "$(TARGET_NAME)";
				TEST_HOST = "$(BUILT_PRODUCTS_DIR)/UIView+LKExtention.app/UIView+LKExtention";
			};
			name = Debug;
		};
		792B9E3D1CC4902A0064F2E8 /* Release */ = {
			isa = XCBuildConfiguration;
			buildSettings = {
				BUNDLE_LOADER = "$(TEST_HOST)";
				INFOPLIST_FILE = "UIView+LKExtentionTests/Info.plist";
				LD_RUNPATH_SEARCH_PATHS = "$(inherited) @executable_path/Frameworks @loader_path/Frameworks";
				PRODUCT_BUNDLE_IDENTIFIER = "com.zero.UIView-LKExtentionTests";
				PRODUCT_NAME = "$(TARGET_NAME)";
				TEST_HOST = "$(BUILT_PRODUCTS_DIR)/UIView+LKExtention.app/UIView+LKExtention";
			};
			name = Release;
		};
		792B9E3F1CC4902A0064F2E8 /* Debug */ = {
			isa = XCBuildConfiguration;
			buildSettings = {
				INFOPLIST_FILE = "UIView+LKExtentionUITests/Info.plist";
				LD_RUNPATH_SEARCH_PATHS = "$(inherited) @executable_path/Frameworks @loader_path/Frameworks";
				PRODUCT_BUNDLE_IDENTIFIER = "com.zero.UIView-LKExtentionUITests";
				PRODUCT_NAME = "$(TARGET_NAME)";
				TEST_TARGET_NAME = "UIView+LKExtention";
			};
			name = Debug;
		};
		792B9E401CC4902A0064F2E8 /* Release */ = {
			isa = XCBuildConfiguration;
			buildSettings = {
				INFOPLIST_FILE = "UIView+LKExtentionUITests/Info.plist";
				LD_RUNPATH_SEARCH_PATHS = "$(inherited) @executable_path/Frameworks @loader_path/Frameworks";
				PRODUCT_BUNDLE_IDENTIFIER = "com.zero.UIView-LKExtentionUITests";
				PRODUCT_NAME = "$(TARGET_NAME)";
				TEST_TARGET_NAME = "UIView+LKExtention";
			};
			name = Release;
		};
/* End XCBuildConfiguration section */

/* Begin XCConfigurationList section */
		792B9E061CC4902A0064F2E8 /* Build configuration list for PBXProject "UIView+LKExtention" */ = {
			isa = XCConfigurationList;
			buildConfigurations = (
				792B9E361CC4902A0064F2E8 /* Debug */,
				792B9E371CC4902A0064F2E8 /* Release */,
			);
			defaultConfigurationIsVisible = 0;
			defaultConfigurationName = Release;
		};
		792B9E381CC4902A0064F2E8 /* Build configuration list for PBXNativeTarget "UIView+LKExtention" */ = {
			isa = XCConfigurationList;
			buildConfigurations = (
				792B9E391CC4902A0064F2E8 /* Debug */,
				792B9E3A1CC4902A0064F2E8 /* Release */,
			);
			defaultConfigurationIsVisible = 0;
		};
		792B9E3B1CC4902A0064F2E8 /* Build configuration list for PBXNativeTarget "UIView+LKExtentionTests" */ = {
			isa = XCConfigurationList;
			buildConfigurations = (
				792B9E3C1CC4902A0064F2E8 /* Debug */,
				792B9E3D1CC4902A0064F2E8 /* Release */,
			);
			defaultConfigurationIsVisible = 0;
		};
		792B9E3E1CC4902A0064F2E8 /* Build configuration list for PBXNativeTarget "UIView+LKExtentionUITests" */ = {
			isa = XCConfigurationList;
			buildConfigurations = (
				792B9E3F1CC4902A0064F2E8 /* Debug */,
				792B9E401CC4902A0064F2E8 /* Release */,
			);
			defaultConfigurationIsVisible = 0;
		};
/* End XCConfigurationList section */
	};
	rootObject = 792B9E031CC4902A0064F2E8 /* Project object */;
}
