// !$*UTF8*$!
{
	archiveVersion = 1;
	classes = {
	};
	objectVersion = 46;
	objects = {

/* Begin PBXBuildFile section */
		791C5AAC1CD0F770005CF5E3 /* AppDelegate.swift in Sources */ = {isa = PBXBuildFile; fileRef = 791C5AAB1CD0F770005CF5E3 /* AppDelegate.swift */; };
		791C5AB31CD0F770005CF5E3 /* Assets.xcassets in Resources */ = {isa = PBXBuildFile; fileRef = 791C5AB21CD0F770005CF5E3 /* Assets.xcassets */; };
		791C5AC11CD0F770005CF5E3 /* LunchView_SwiftTests.swift in Sources */ = {isa = PBXBuildFile; fileRef = 791C5AC01CD0F770005CF5E3 /* LunchView_SwiftTests.swift */; };
		791C5ACC1CD0F770005CF5E3 /* LunchView_SwiftUITests.swift in Sources */ = {isa = PBXBuildFile; fileRef = 791C5ACB1CD0F770005CF5E3 /* LunchView_SwiftUITests.swift */; };
		791C5ADA1CD0F83F005CF5E3 /* FirstLunchViewController.swift in Sources */ = {isa = PBXBuildFile; fileRef = 791C5AD91CD0F83F005CF5E3 /* FirstLunchViewController.swift */; };
		791C5ADE1CD0F98B005CF5E3 /* FirstLunchAnimator.swift in Sources */ = {isa = PBXBuildFile; fileRef = 791C5ADD1CD0F98B005CF5E3 /* FirstLunchAnimator.swift */; };
		791C5AE01CD0FB1B005CF5E3 /* MainViewController.storyboard in Resources */ = {isa = PBXBuildFile; fileRef = 791C5ADF1CD0FB1B005CF5E3 /* MainViewController.storyboard */; };
/* End PBXBuildFile section */

/* Begin PBXContainerItemProxy section */
		791C5ABD1CD0F770005CF5E3 /* PBXContainerItemProxy */ = {
			isa = PBXContainerItemProxy;
			containerPortal = 791C5AA01CD0F770005CF5E3 /* Project object */;
			proxyType = 1;
			remoteGlobalIDString = 791C5AA71CD0F770005CF5E3;
			remoteInfo = LunchView_Swift;
		};
		791C5AC81CD0F770005CF5E3 /* PBXContainerItemProxy */ = {
			isa = PBXContainerItemProxy;
			containerPortal = 791C5AA01CD0F770005CF5E3 /* Project object */;
			proxyType = 1;
			remoteGlobalIDString = 791C5AA71CD0F770005CF5E3;
			remoteInfo = LunchView_Swift;
		};
/* End PBXContainerItemProxy section */

/* Begin PBXFileReference section */
		791C5AA81CD0F770005CF5E3 /* LunchView_Swift.app */ = {isa = PBXFileReference; explicitFileType = wrapper.application; includeInIndex = 0; path = LunchView_Swift.app; sourceTree = BUILT_PRODUCTS_DIR; };
		791C5AAB1CD0F770005CF5E3 /* AppDelegate.swift */ = {isa = PBXFileReference; lastKnownFileType = sourcecode.swift; path = AppDelegate.swift; sourceTree = "<group>"; };
		791C5AB21CD0F770005CF5E3 /* Assets.xcassets */ = {isa = PBXFileReference; lastKnownFileType = folder.assetcatalog; path = Assets.xcassets; sourceTree = "<group>"; };
		791C5AB71CD0F770005CF5E3 /* Info.plist */ = {isa = PBXFileReference; lastKnownFileType = text.plist.xml; path = Info.plist; sourceTree = "<group>"; };
		791C5ABC1CD0F770005CF5E3 /* LunchView_SwiftTests.xctest */ = {isa = PBXFileReference; explicitFileType = wrapper.cfbundle; includeInIndex = 0; path = LunchView_SwiftTests.xctest; sourceTree = BUILT_PRODUCTS_DIR; };
		791C5AC01CD0F770005CF5E3 /* LunchView_SwiftTests.swift */ = {isa = PBXFileReference; lastKnownFileType = sourcecode.swift; path = LunchView_SwiftTests.swift; sourceTree = "<group>"; };
		791C5AC21CD0F770005CF5E3 /* Info.plist */ = {isa = PBXFileReference; lastKnownFileType = text.plist.xml; path = Info.plist; sourceTree = "<group>"; };
		791C5AC71CD0F770005CF5E3 /* LunchView_SwiftUITests.xctest */ = {isa = PBXFileReference; explicitFileType = wrapper.cfbundle; includeInIndex = 0; path = LunchView_SwiftUITests.xctest; sourceTree = BUILT_PRODUCTS_DIR; };
		791C5ACB1CD0F770005CF5E3 /* LunchView_SwiftUITests.swift */ = {isa = PBXFileReference; lastKnownFileType = sourcecode.swift; path = LunchView_SwiftUITests.swift; sourceTree = "<group>"; };
		791C5ACD1CD0F770005CF5E3 /* Info.plist */ = {isa = PBXFileReference; lastKnownFileType = text.plist.xml; path = Info.plist; sourceTree = "<group>"; };
		791C5AD91CD0F83F005CF5E3 /* FirstLunchViewController.swift */ = {isa = PBXFileReference; fileEncoding = 4; lastKnownFileType = sourcecode.swift; path = FirstLunchViewController.swift; sourceTree = "<group>"; };
		791C5ADD1CD0F98B005CF5E3 /* FirstLunchAnimator.swift */ = {isa = PBXFileReference; fileEncoding = 4; lastKnownFileType = sourcecode.swift; path = FirstLunchAnimator.swift; sourceTree = "<group>"; };
		791C5ADF1CD0FB1B005CF5E3 /* MainViewController.storyboard */ = {isa = PBXFileReference; fileEncoding = 4; lastKnownFileType = file.storyboard; path = MainViewController.storyboard; sourceTree = "<group>"; };
/* End PBXFileReference section */

/* Begin PBXFrameworksBuildPhase section */
		791C5AA51CD0F770005CF5E3 /* Frameworks */ = {
			isa = PBXFrameworksBuildPhase;
			buildActionMask = 2147483647;
			files = (
			);
			runOnlyForDeploymentPostprocessing = 0;
		};
		791C5AB91CD0F770005CF5E3 /* Frameworks */ = {
			isa = PBXFrameworksBuildPhase;
			buildActionMask = 2147483647;
			files = (
			);
			runOnlyForDeploymentPostprocessing = 0;
		};
		791C5AC41CD0F770005CF5E3 /* Frameworks */ = {
			isa = PBXFrameworksBuildPhase;
			buildActionMask = 2147483647;
			files = (
			);
			runOnlyForDeploymentPostprocessing = 0;
		};
/* End PBXFrameworksBuildPhase section */

/* Begin PBXGroup section */
		791C5A9F1CD0F770005CF5E3 = {
			isa = PBXGroup;
			children = (
				791C5AAA1CD0F770005CF5E3 /* LunchView_Swift */,
				791C5ABF1CD0F770005CF5E3 /* LunchView_SwiftTests */,
				791C5ACA1CD0F770005CF5E3 /* LunchView_SwiftUITests */,
				791C5AA91CD0F770005CF5E3 /* Products */,
			);
			sourceTree = "<group>";
		};
		791C5AA91CD0F770005CF5E3 /* Products */ = {
			isa = PBXGroup;
			children = (
				791C5AA81CD0F770005CF5E3 /* LunchView_Swift.app */,
				791C5ABC1CD0F770005CF5E3 /* LunchView_SwiftTests.xctest */,
				791C5AC71CD0F770005CF5E3 /* LunchView_SwiftUITests.xctest */,
			);
			name = Products;
			sourceTree = "<group>";
		};
		791C5AAA1CD0F770005CF5E3 /* LunchView_Swift */ = {
			isa = PBXGroup;
			children = (
				791C5AAB1CD0F770005CF5E3 /* AppDelegate.swift */,
				791C5AD91CD0F83F005CF5E3 /* FirstLunchViewController.swift */,
				791C5ADD1CD0F98B005CF5E3 /* FirstLunchAnimator.swift */,
				791C5AB21CD0F770005CF5E3 /* Assets.xcassets */,
				791C5AB71CD0F770005CF5E3 /* Info.plist */,
				791C5ADF1CD0FB1B005CF5E3 /* MainViewController.storyboard */,
			);
			path = LunchView_Swift;
			sourceTree = "<group>";
		};
		791C5ABF1CD0F770005CF5E3 /* LunchView_SwiftTests */ = {
			isa = PBXGroup;
			children = (
				791C5AC01CD0F770005CF5E3 /* LunchView_SwiftTests.swift */,
				791C5AC21CD0F770005CF5E3 /* Info.plist */,
			);
			path = LunchView_SwiftTests;
			sourceTree = "<group>";
		};
		791C5ACA1CD0F770005CF5E3 /* LunchView_SwiftUITests */ = {
			isa = PBXGroup;
			children = (
				791C5ACB1CD0F770005CF5E3 /* LunchView_SwiftUITests.swift */,
				791C5ACD1CD0F770005CF5E3 /* Info.plist */,
			);
			path = LunchView_SwiftUITests;
			sourceTree = "<group>";
		};
/* End PBXGroup section */

/* Begin PBXNativeTarget section */
		791C5AA71CD0F770005CF5E3 /* LunchView_Swift */ = {
			isa = PBXNativeTarget;
			buildConfigurationList = 791C5AD01CD0F770005CF5E3 /* Build configuration list for PBXNativeTarget "LunchView_Swift" */;
			buildPhases = (
				791C5AA41CD0F770005CF5E3 /* Sources */,
				791C5AA51CD0F770005CF5E3 /* Frameworks */,
				791C5AA61CD0F770005CF5E3 /* Resources */,
			);
			buildRules = (
			);
			dependencies = (
			);
			name = LunchView_Swift;
			productName = LunchView_Swift;
			productReference = 791C5AA81CD0F770005CF5E3 /* LunchView_Swift.app */;
			productType = "com.apple.product-type.application";
		};
		791C5ABB1CD0F770005CF5E3 /* LunchView_SwiftTests */ = {
			isa = PBXNativeTarget;
			buildConfigurationList = 791C5AD31CD0F770005CF5E3 /* Build configuration list for PBXNativeTarget "LunchView_SwiftTests" */;
			buildPhases = (
				791C5AB81CD0F770005CF5E3 /* Sources */,
				791C5AB91CD0F770005CF5E3 /* Frameworks */,
				791C5ABA1CD0F770005CF5E3 /* Resources */,
			);
			buildRules = (
			);
			dependencies = (
				791C5ABE1CD0F770005CF5E3 /* PBXTargetDependency */,
			);
			name = LunchView_SwiftTests;
			productName = LunchView_SwiftTests;
			productReference = 791C5ABC1CD0F770005CF5E3 /* LunchView_SwiftTests.xctest */;
			productType = "com.apple.product-type.bundle.unit-test";
		};
		791C5AC61CD0F770005CF5E3 /* LunchView_SwiftUITests */ = {
			isa = PBXNativeTarget;
			buildConfigurationList = 791C5AD61CD0F770005CF5E3 /* Build configuration list for PBXNativeTarget "LunchView_SwiftUITests" */;
			buildPhases = (
				791C5AC31CD0F770005CF5E3 /* Sources */,
				791C5AC41CD0F770005CF5E3 /* Frameworks */,
				791C5AC51CD0F770005CF5E3 /* Resources */,
			);
			buildRules = (
			);
			dependencies = (
				791C5AC91CD0F770005CF5E3 /* PBXTargetDependency */,
			);
			name = LunchView_SwiftUITests;
			productName = LunchView_SwiftUITests;
			productReference = 791C5AC71CD0F770005CF5E3 /* LunchView_SwiftUITests.xctest */;
			productType = "com.apple.product-type.bundle.ui-testing";
		};
/* End PBXNativeTarget section */

/* Begin PBXProject section */
		791C5AA01CD0F770005CF5E3 /* Project object */ = {
			isa = PBXProject;
			attributes = {
				LastSwiftUpdateCheck = 0730;
				LastUpgradeCheck = 0730;
				ORGANIZATIONNAME = zero;
				TargetAttributes = {
					791C5AA71CD0F770005CF5E3 = {
						CreatedOnToolsVersion = 7.3;
						DevelopmentTeam = A29QK2NWP9;
					};
					791C5ABB1CD0F770005CF5E3 = {
						CreatedOnToolsVersion = 7.3;
						DevelopmentTeam = A29QK2NWP9;
						TestTargetID = 791C5AA71CD0F770005CF5E3;
					};
					791C5AC61CD0F770005CF5E3 = {
						CreatedOnToolsVersion = 7.3;
						DevelopmentTeam = A29QK2NWP9;
						TestTargetID = 791C5AA71CD0F770005CF5E3;
					};
				};
			};
			buildConfigurationList = 791C5AA31CD0F770005CF5E3 /* Build configuration list for PBXProject "LunchView_Swift" */;
			compatibilityVersion = "Xcode 3.2";
			developmentRegion = English;
			hasScannedForEncodings = 0;
			knownRegions = (
				en,
				Base,
			);
			mainGroup = 791C5A9F1CD0F770005CF5E3;
			productRefGroup = 791C5AA91CD0F770005CF5E3 /* Products */;
			projectDirPath = "";
			projectRoot = "";
			targets = (
				791C5AA71CD0F770005CF5E3 /* LunchView_Swift */,
				791C5ABB1CD0F770005CF5E3 /* LunchView_SwiftTests */,
				791C5AC61CD0F770005CF5E3 /* LunchView_SwiftUITests */,
			);
		};
/* End PBXProject section */

/* Begin PBXResourcesBuildPhase section */
		791C5AA61CD0F770005CF5E3 /* Resources */ = {
			isa = PBXResourcesBuildPhase;
			buildActionMask = 2147483647;
			files = (
				791C5AE01CD0FB1B005CF5E3 /* MainViewController.storyboard in Resources */,
				791C5AB31CD0F770005CF5E3 /* Assets.xcassets in Resources */,
			);
			runOnlyForDeploymentPostprocessing = 0;
		};
		791C5ABA1CD0F770005CF5E3 /* Resources */ = {
			isa = PBXResourcesBuildPhase;
			buildActionMask = 2147483647;
			files = (
			);
			runOnlyForDeploymentPostprocessing = 0;
		};
		791C5AC51CD0F770005CF5E3 /* Resources */ = {
			isa = PBXResourcesBuildPhase;
			buildActionMask = 2147483647;
			files = (
			);
			runOnlyForDeploymentPostprocessing = 0;
		};
/* End PBXResourcesBuildPhase section */

/* Begin PBXSourcesBuildPhase section */
		791C5AA41CD0F770005CF5E3 /* Sources */ = {
			isa = PBXSourcesBuildPhase;
			buildActionMask = 2147483647;
			files = (
				791C5ADE1CD0F98B005CF5E3 /* FirstLunchAnimator.swift in Sources */,
				791C5ADA1CD0F83F005CF5E3 /* FirstLunchViewController.swift in Sources */,
				791C5AAC1CD0F770005CF5E3 /* AppDelegate.swift in Sources */,
			);
			runOnlyForDeploymentPostprocessing = 0;
		};
		791C5AB81CD0F770005CF5E3 /* Sources */ = {
			isa = PBXSourcesBuildPhase;
			buildActionMask = 2147483647;
			files = (
				791C5AC11CD0F770005CF5E3 /* LunchView_SwiftTests.swift in Sources */,
			);
			runOnlyForDeploymentPostprocessing = 0;
		};
		791C5AC31CD0F770005CF5E3 /* Sources */ = {
			isa = PBXSourcesBuildPhase;
			buildActionMask = 2147483647;
			files = (
				791C5ACC1CD0F770005CF5E3 /* LunchView_SwiftUITests.swift in Sources */,
			);
			runOnlyForDeploymentPostprocessing = 0;
		};
/* End PBXSourcesBuildPhase section */

/* Begin PBXTargetDependency section */
		791C5ABE1CD0F770005CF5E3 /* PBXTargetDependency */ = {
			isa = PBXTargetDependency;
			target = 791C5AA71CD0F770005CF5E3 /* LunchView_Swift */;
			targetProxy = 791C5ABD1CD0F770005CF5E3 /* PBXContainerItemProxy */;
		};
		791C5AC91CD0F770005CF5E3 /* PBXTargetDependency */ = {
			isa = PBXTargetDependency;
			target = 791C5AA71CD0F770005CF5E3 /* LunchView_Swift */;
			targetProxy = 791C5AC81CD0F770005CF5E3 /* PBXContainerItemProxy */;
		};
/* End PBXTargetDependency section */

/* Begin XCBuildConfiguration section */
		791C5ACE1CD0F770005CF5E3 /* Debug */ = {
			isa = XCBuildConfiguration;
			buildSettings = {
				ALWAYS_SEARCH_USER_PATHS = NO;
				CLANG_ANALYZER_NONNULL = YES;
				CLANG_CXX_LANGUAGE_STANDARD = "gnu++0x";
				CLANG_CXX_LIBRARY = "libc++";
				CLANG_ENABLE_MODULES = YES;
				CLANG_ENABLE_OBJC_ARC = YES;
				CLANG_WARN_BOOL_CONVERSION = YES;
				CLANG_WARN_CONSTANT_CONVERSION = YES;
				CLANG_WARN_DIRECT_OBJC_ISA_USAGE = YES_ERROR;
				CLANG_WARN_EMPTY_BODY = YES;
				CLANG_WARN_ENUM_CONVERSION = YES;
				CLANG_WARN_INT_CONVERSION = YES;
				CLANG_WARN_OBJC_ROOT_CLASS = YES_ERROR;
				CLANG_WARN_UNREACHABLE_CODE = YES;
				CLANG_WARN__DUPLICATE_METHOD_MATCH = YES;
				"CODE_SIGN_IDENTITY[sdk=iphoneos*]" = "iPhone Developer";
				COPY_PHASE_STRIP = NO;
				DEBUG_INFORMATION_FORMAT = dwarf;
				ENABLE_STRICT_OBJC_MSGSEND = YES;
				ENABLE_TESTABILITY = YES;
				GCC_C_LANGUAGE_STANDARD = gnu99;
				GCC_DYNAMIC_NO_PIC = NO;
				GCC_NO_COMMON_BLOCKS = YES;
				GCC_OPTIMIZATION_LEVEL = 0;
				GCC_PREPROCESSOR_DEFINITIONS = (
					"DEBUG=1",
					"$(inherited)",
				);
				GCC_WARN_64_TO_32_BIT_CONVERSION = YES;
				GCC_WARN_ABOUT_RETURN_TYPE = YES_ERROR;
				GCC_WARN_UNDECLARED_SELECTOR = YES;
				GCC_WARN_UNINITIALIZED_AUTOS = YES_AGGRESSIVE;
				GCC_WARN_UNUSED_FUNCTION = YES;
				GCC_WARN_UNUSED_VARIABLE = YES;
				IPHONEOS_DEPLOYMENT_TARGET = 9.3;
				MTL_ENABLE_DEBUG_INFO = YES;
				ONLY_ACTIVE_ARCH = YES;
				SDKROOT = iphoneos;
				SWIFT_OPTIMIZATION_LEVEL = "-Onone";
				TARGETED_DEVICE_FAMILY = "1,2";
			};
			name = Debug;
		};
		791C5ACF1CD0F770005CF5E3 /* Release */ = {
			isa = XCBuildConfiguration;
			buildSettings = {
				ALWAYS_SEARCH_USER_PATHS = NO;
				CLANG_ANALYZER_NONNULL = YES;
				CLANG_CXX_LANGUAGE_STANDARD = "gnu++0x";
				CLANG_CXX_LIBRARY = "libc++";
				CLANG_ENABLE_MODULES = YES;
				CLANG_ENABLE_OBJC_ARC = YES;
				CLANG_WARN_BOOL_CONVERSION = YES;
				CLANG_WARN_CONSTANT_CONVERSION = YES;
				CLANG_WARN_DIRECT_OBJC_ISA_USAGE = YES_ERROR;
				CLANG_WARN_EMPTY_BODY = YES;
				CLANG_WARN_ENUM_CONVERSION = YES;
				CLANG_WARN_INT_CONVERSION = YES;
				CLANG_WARN_OBJC_ROOT_CLASS = YES_ERROR;
				CLANG_WARN_UNREACHABLE_CODE = YES;
				CLANG_WARN__DUPLICATE_METHOD_MATCH = YES;
				"CODE_SIGN_IDENTITY[sdk=iphoneos*]" = "iPhone Developer";
				COPY_PHASE_STRIP = NO;
				DEBUG_INFORMATION_FORMAT = "dwarf-with-dsym";
				ENABLE_NS_ASSERTIONS = NO;
				ENABLE_STRICT_OBJC_MSGSEND = YES;
				GCC_C_LANGUAGE_STANDARD = gnu99;
				GCC_NO_COMMON_BLOCKS = YES;
				GCC_WARN_64_TO_32_BIT_CONVERSION = YES;
				GCC_WARN_ABOUT_RETURN_TYPE = YES_ERROR;
				GCC_WARN_UNDECLARED_SELECTOR = YES;
				GCC_WARN_UNINITIALIZED_AUTOS = YES_AGGRESSIVE;
				GCC_WARN_UNUSED_FUNCTION = YES;
				GCC_WARN_UNUSED_VARIABLE = YES;
				IPHONEOS_DEPLOYMENT_TARGET = 9.3;
				MTL_ENABLE_DEBUG_INFO = NO;
				SDKROOT = iphoneos;
				TARGETED_DEVICE_FAMILY = "1,2";
				VALIDATE_PRODUCT = YES;
			};
			name = Release;
		};
		791C5AD11CD0F770005CF5E3 /* Debug */ = {
			isa = XCBuildConfiguration;
			buildSettings = {
				ASSETCATALOG_COMPILER_APPICON_NAME = AppIcon;
				ASSETCATALOG_COMPILER_LAUNCHIMAGE_NAME = "Brand Assets";
				INFOPLIST_FILE = LunchView_Swift/Info.plist;
				LD_RUNPATH_SEARCH_PATHS = "$(inherited) @executable_path/Frameworks";
				PRODUCT_BUNDLE_IDENTIFIER = "com.zero.LunchView-Swift";
				PRODUCT_NAME = "$(TARGET_NAME)";
			};
			name = Debug;
		};
		791C5AD21CD0F770005CF5E3 /* Release */ = {
			isa = XCBuildConfiguration;
			buildSettings = {
				ASSETCATALOG_COMPILER_APPICON_NAME = AppIcon;
				ASSETCATALOG_COMPILER_LAUNCHIMAGE_NAME = "Brand Assets";
				INFOPLIST_FILE = LunchView_Swift/Info.plist;
				LD_RUNPATH_SEARCH_PATHS = "$(inherited) @executable_path/Frameworks";
				PRODUCT_BUNDLE_IDENTIFIER = "com.zero.LunchView-Swift";
				PRODUCT_NAME = "$(TARGET_NAME)";
			};
			name = Release;
		};
		791C5AD41CD0F770005CF5E3 /* Debug */ = {
			isa = XCBuildConfiguration;
			buildSettings = {
				BUNDLE_LOADER = "$(TEST_HOST)";
				INFOPLIST_FILE = LunchView_SwiftTests/Info.plist;
				LD_RUNPATH_SEARCH_PATHS = "$(inherited) @executable_path/Frameworks @loader_path/Frameworks";
				PRODUCT_BUNDLE_IDENTIFIER = "com.zero.LunchView-SwiftTests";
				PRODUCT_NAME = "$(TARGET_NAME)";
				TEST_HOST = "$(BUILT_PRODUCTS_DIR)/LunchView_Swift.app/LunchView_Swift";
			};
			name = Debug;
		};
		791C5AD51CD0F770005CF5E3 /* Release */ = {
			isa = XCBuildConfiguration;
			buildSettings = {
				BUNDLE_LOADER = "$(TEST_HOST)";
				INFOPLIST_FILE = LunchView_SwiftTests/Info.plist;
				LD_RUNPATH_SEARCH_PATHS = "$(inherited) @executable_path/Frameworks @loader_path/Frameworks";
				PRODUCT_BUNDLE_IDENTIFIER = "com.zero.LunchView-SwiftTests";
				PRODUCT_NAME = "$(TARGET_NAME)";
				TEST_HOST = "$(BUILT_PRODUCTS_DIR)/LunchView_Swift.app/LunchView_Swift";
			};
			name = Release;
		};
		791C5AD71CD0F770005CF5E3 /* Debug */ = {
			isa = XCBuildConfiguration;
			buildSettings = {
				INFOPLIST_FILE = LunchView_SwiftUITests/Info.plist;
				LD_RUNPATH_SEARCH_PATHS = "$(inherited) @executable_path/Frameworks @loader_path/Frameworks";
				PRODUCT_BUNDLE_IDENTIFIER = "com.zero.LunchView-SwiftUITests";
				PRODUCT_NAME = "$(TARGET_NAME)";
				TEST_TARGET_NAME = LunchView_Swift;
			};
			name = Debug;
		};
		791C5AD81CD0F770005CF5E3 /* Release */ = {
			isa = XCBuildConfiguration;
			buildSettings = {
				INFOPLIST_FILE = LunchView_SwiftUITests/Info.plist;
				LD_RUNPATH_SEARCH_PATHS = "$(inherited) @executable_path/Frameworks @loader_path/Frameworks";
				PRODUCT_BUNDLE_IDENTIFIER = "com.zero.LunchView-SwiftUITests";
				PRODUCT_NAME = "$(TARGET_NAME)";
				TEST_TARGET_NAME = LunchView_Swift;
			};
			name = Release;
		};
/* End XCBuildConfiguration section */

/* Begin XCConfigurationList section */
		791C5AA31CD0F770005CF5E3 /* Build configuration list for PBXProject "LunchView_Swift" */ = {
			isa = XCConfigurationList;
			buildConfigurations = (
				791C5ACE1CD0F770005CF5E3 /* Debug */,
				791C5ACF1CD0F770005CF5E3 /* Release */,
			);
			defaultConfigurationIsVisible = 0;
			defaultConfigurationName = Release;
		};
		791C5AD01CD0F770005CF5E3 /* Build configuration list for PBXNativeTarget "LunchView_Swift" */ = {
			isa = XCConfigurationList;
			buildConfigurations = (
				791C5AD11CD0F770005CF5E3 /* Debug */,
				791C5AD21CD0F770005CF5E3 /* Release */,
			);
			defaultConfigurationIsVisible = 0;
		};
		791C5AD31CD0F770005CF5E3 /* Build configuration list for PBXNativeTarget "LunchView_SwiftTests" */ = {
			isa = XCConfigurationList;
			buildConfigurations = (
				791C5AD41CD0F770005CF5E3 /* Debug */,
				791C5AD51CD0F770005CF5E3 /* Release */,
			);
			defaultConfigurationIsVisible = 0;
		};
		791C5AD61CD0F770005CF5E3 /* Build configuration list for PBXNativeTarget "LunchView_SwiftUITests" */ = {
			isa = XCConfigurationList;
			buildConfigurations = (
				791C5AD71CD0F770005CF5E3 /* Debug */,
				791C5AD81CD0F770005CF5E3 /* Release */,
			);
			defaultConfigurationIsVisible = 0;
		};
/* End XCConfigurationList section */
	};
	rootObject = 791C5AA01CD0F770005CF5E3 /* Project object */;
}
